# THIS IS AN AUTOGENERATED FILE. DO NOT EDIT THIS FILE DIRECTLY.
# yarn lockfile v1


base-64@^0.1.0:
  version "0.1.0"
  resolved "https://registry.yarnpkg.com/base-64/-/base-64-0.1.0.tgz#780a99c84e7d600260361511c4877613bf24f6bb"
  integrity sha512-Y5gU45svrR5tI2Vt/X9GPd3L0HNIKzGu202EjxrXMpuc2V2CiKgemAbUUsqYmZJvPtCXoUKjNZwBJzsNScUbXA==

react-native-fs@^2.20.0:
  version "2.20.0"
  resolved "https://registry.yarnpkg.com/react-native-fs/-/react-native-fs-2.20.0.tgz#05a9362b473bfc0910772c0acbb73a78dbc810f6"
  integrity sha512-VkTBzs7fIDUiy/XajOSNk0XazFE9l+QlMAce7lGuebZcag5CnjszB+u4BdqzwaQOdcYb5wsJIsqq4kxInIRpJQ==
  dependencies:
    base-64 "^0.1.0"
    utf8 "^3.0.0"

react-native-restart@^0.0.27:
  version "0.0.27"
  resolved "https://registry.yarnpkg.com/react-native-restart/-/react-native-restart-0.0.27.tgz#43aa8210312c9dfa5ec7bd4b2f35238ad7972b19"
  integrity sha512-8KScVICrXwcTSJ1rjWkqVTHyEKQIttm5AIMGSK1QG1+RS5owYlE4z/1DykOTdWfVl9l16FIk0w9Xzk9ZO6jxlA==

utf8@^3.0.0:
  version "3.0.0"
  resolved "https://registry.yarnpkg.com/utf8/-/utf8-3.0.0.tgz#f052eed1364d696e769ef058b183df88c87f69d1"
  integrity sha512-E8VjFIQ/TyQgp+TZfS6l8yp/xWppSAHzidGiRrqe4bK4XP9pTRyKFgGJpO3SN7zdX4DeomTrwaseCHovfpFcqQ==
